{
  "name": "vector-map",
  "version": "0.0.0",
  "lockfileVersion": 1,
  "requires": true,
  "dependencies": {
    "@types/node": {
      "version": "13.11.1",
      "resolved": "https://registry.npmjs.org/@types/node/-/node-13.11.1.tgz",
      "integrity": "sha512-eWQGP3qtxwL8FGneRrC5DwrJLGN4/dH1clNTuLfN81HCrxVtxRjygDTUoZJ5ASlDEeo0ppYFQjQIlXhtXpOn6g==",
      "dev": true
    },
    "@types/resolve": {
      "version": "0.0.8",
      "resolved": "https://registry.npmjs.org/@types/resolve/-/resolve-0.0.8.tgz",
      "integrity": "sha512-auApPaJf3NPfe18hSoJkp8EbZzer2ISk7o8mCC3M9he/a04+gbMF97NkpD2S8riMGvm4BMRI59/SZQSaLTKpsQ==",
      "dev": true,
      "requires": {
        "@types/node": "*"
      }
    },
    "builtin-modules": {
      "version": "3.1.0",
      "resolved": "https://registry.npmjs.org/builtin-modules/-/builtin-modules-3.1.0.tgz",
      "integrity": "sha512-k0KL0aWZuBt2lrxrcASWDfwOLMnodeQjodT/1SxEQAXsHANgo6ZC/VEaSEHCXt7aSTZ4/4H5LKa+tBXmW7Vtvw==",
      "dev": true
    },
    "chunked-queue": {
      "version": "0.1.2",
      "resolved": "https://registry.npmjs.org/chunked-queue/-/chunked-queue-0.1.2.tgz",
      "integrity": "sha512-H/8Eb81ItMYlJS5gsLte3Z1Vt7MsoQuSZnz/pZiioFVuD5o2YSoHFZXOP9tqIO6iyU5OeuzGywzPTSOR4rTcKA==",
      "requires": {
        "zero-timeout": "0.0.4"
      }
    },
    "csscolorparser": {
      "version": "1.0.3",
      "resolved": "https://registry.npmjs.org/csscolorparser/-/csscolorparser-1.0.3.tgz",
      "integrity": "sha1-s085HupNqPPpgjHizNjfnAQfFxs="
    },
    "d3-tile": {
      "version": "github:GlobeletJS/d3-tile#c3d24e8d5def22af499d27a83d4e5dee7428f958",
      "from": "github:GlobeletJS/d3-tile"
    },
    "estree-walker": {
      "version": "0.6.1",
      "resolved": "https://registry.npmjs.org/estree-walker/-/estree-walker-0.6.1.tgz",
      "integrity": "sha512-SqmZANLWS0mnatqbSfRP5g8OXZC12Fgg1IwNtLsyHDzJizORW4khDfjPqJZsemPWBB2uqykUah5YpQ6epsqC/w==",
      "dev": true
    },
    "fsevents": {
      "version": "2.1.2",
      "resolved": "https://registry.npmjs.org/fsevents/-/fsevents-2.1.2.tgz",
      "integrity": "sha512-R4wDiBwZ0KzpgOWetKDug1FZcYhqYnUYKtfZYt4mD5SBz76q0KR4Q9o7GIPamsVPGmW3EYPPJ0dOOjvx32ldZA==",
      "dev": true,
      "optional": true
    },
    "ieee754": {
      "version": "1.1.13",
      "resolved": "https://registry.npmjs.org/ieee754/-/ieee754-1.1.13.tgz",
      "integrity": "sha512-4vf7I2LYV/HaWerSo3XmlMkp5eZ83i+/CDluXi/IGTs/O1sejBNhTtnxzmRZfvOUqj7lZjqHkeTvpgSFDlWZTg=="
    },
    "is-module": {
      "version": "1.0.0",
      "resolved": "https://registry.npmjs.org/is-module/-/is-module-1.0.0.tgz",
      "integrity": "sha1-Mlj7afeMFNW4FdZkM2tM/7ZEFZE=",
      "dev": true
    },
    "path-parse": {
      "version": "1.0.6",
      "resolved": "https://registry.npmjs.org/path-parse/-/path-parse-1.0.6.tgz",
      "integrity": "sha512-GSmOT2EbHrINBf9SR7CDELwlJ8AENk3Qn7OikK4nFYAu3Ote2+JYNVvkpAEQm3/TLNEJFD/xZJjzyxg3KBWOzw==",
      "dev": true
    },
    "pbf": {
      "version": "3.2.1",
      "resolved": "https://registry.npmjs.org/pbf/-/pbf-3.2.1.tgz",
      "integrity": "sha512-ClrV7pNOn7rtmoQVF4TS1vyU0WhYRnP92fzbfF75jAIwpnzdJXf8iTd4CMEqO4yUenH6NDqLiwjqlh6QgZzgLQ==",
      "requires": {
        "ieee754": "^1.1.12",
        "resolve-protobuf-schema": "^2.1.0"
      }
    },
    "protocol-buffers-schema": {
      "version": "3.4.0",
      "resolved": "https://registry.npmjs.org/protocol-buffers-schema/-/protocol-buffers-schema-3.4.0.tgz",
      "integrity": "sha512-G/2kcamPF2S49W5yaMGdIpkG6+5wZF0fzBteLKgEHjbNzqjZQ85aAs1iJGto31EJaSTkNvHs5IXuHSaTLWBAiA=="
    },
    "resolve": {
      "version": "1.15.1",
      "resolved": "https://registry.npmjs.org/resolve/-/resolve-1.15.1.tgz",
      "integrity": "sha512-84oo6ZTtoTUpjgNEr5SJyzQhzL72gaRodsSfyxC/AXRvwu0Yse9H8eF9IpGo7b8YetZhlI6v7ZQ6bKBFV/6S7w==",
      "dev": true,
      "requires": {
        "path-parse": "^1.0.6"
      }
    },
    "resolve-protobuf-schema": {
      "version": "2.1.0",
      "resolved": "https://registry.npmjs.org/resolve-protobuf-schema/-/resolve-protobuf-schema-2.1.0.tgz",
      "integrity": "sha512-kI5ffTiZWmJaS/huM8wZfEMer1eRd7oJQhDuxeCLe3t7N7mX3z94CN0xPxBQxFYQTSNz9T0i+v6inKqSdK8xrQ==",
      "requires": {
        "protocol-buffers-schema": "^3.3.1"
      }
    },
    "rollup": {
      "version": "2.6.1",
      "resolved": "https://registry.npmjs.org/rollup/-/rollup-2.6.1.tgz",
      "integrity": "sha512-1RhFDRJeg027YjBO6+JxmVWkEZY0ASztHhoEUEWxOwkh4mjO58TFD6Uo7T7Y3FbmDpRTfKhM5NVxJyimCn0Elg==",
      "dev": true,
      "requires": {
        "fsevents": "~2.1.2"
      }
    },
    "rollup-plugin-node-resolve": {
      "version": "5.2.0",
      "resolved": "https://registry.npmjs.org/rollup-plugin-node-resolve/-/rollup-plugin-node-resolve-5.2.0.tgz",
      "integrity": "sha512-jUlyaDXts7TW2CqQ4GaO5VJ4PwwaV8VUGA7+km3n6k6xtOEacf61u0VXwN80phY/evMcaS+9eIeJ9MOyDxt5Zw==",
      "dev": true,
      "requires": {
        "@types/resolve": "0.0.8",
        "builtin-modules": "^3.1.0",
        "is-module": "^1.0.0",
        "resolve": "^1.11.1",
        "rollup-pluginutils": "^2.8.1"
      }
    },
    "rollup-pluginutils": {
      "version": "2.8.2",
      "resolved": "https://registry.npmjs.org/rollup-pluginutils/-/rollup-pluginutils-2.8.2.tgz",
      "integrity": "sha512-EEp9NhnUkwY8aif6bxgovPHMoMoNr2FulJziTndpt5H9RdwC47GSGuII9XxpSdzVGM0GWrNPHV6ie1LTNJPaLQ==",
      "dev": true,
      "requires": {
        "estree-walker": "^0.6.1"
      }
    },
    "tile-mixer": {
      "version": "0.0.7",
      "resolved": "https://registry.npmjs.org/tile-mixer/-/tile-mixer-0.0.7.tgz",
      "integrity": "sha512-nrZHy/fkoV0B0zyUxEc8Im33XoIvS4vtbNOa736XFIQfVkKOwgzR1sa31Pz2ehEQt829hfUmrZdqS+zn8XXdlw==",
      "requires": {
        "chunked-queue": "^0.1.1",
        "pbf": "^3.2.1",
        "tile-stencil": "^0.2.1",
        "vector-tile-esm": "^2.1.1"
      }
    },
    "tile-painter": {
      "version": "0.3.4",
      "resolved": "https://registry.npmjs.org/tile-painter/-/tile-painter-0.3.4.tgz",
      "integrity": "sha512-/mOG1T6cmmiHmxCAisj0fxHShL0E5VWdsSf1YnXjKxgeyeH7NlvBUl70FFkyd5MUkWUDeKaCtvJSwHmNRYvRKQ=="
    },
    "tile-rack": {
      "version": "1.0.1",
      "resolved": "https://registry.npmjs.org/tile-rack/-/tile-rack-1.0.1.tgz",
      "integrity": "sha512-MgGQWOX1u1j2iz9r2KauwqcYb06QuV44OfHnma3tBrPcKZZnqLSTHnz4kxMoZsQ9ogLeoaOd+RdnLiCgse24aA=="
    },
    "tile-stencil": {
      "version": "0.2.1",
      "resolved": "https://registry.npmjs.org/tile-stencil/-/tile-stencil-0.2.1.tgz",
      "integrity": "sha512-B8E5G3oRA2xnvTRbkXYZ1Y6XuKOXZPtN7691lzcASaGE3+NM4cKfURZoysw5ft98lZRZsfPj7l7fFCyIHMuLew==",
      "requires": {
        "csscolorparser": "^1.0.3"
      }
    },
    "vector-tile-esm": {
      "version": "2.1.1",
      "resolved": "https://registry.npmjs.org/vector-tile-esm/-/vector-tile-esm-2.1.1.tgz",
      "integrity": "sha512-5iGb1IpZHhUNOnil+433CVVnnoegep/2L1OAsGl4lboR+tOYdDjDpuCYNxFGZe3YKFpWzYsqZftgDgsSdYILFw=="
    },
    "zero-timeout": {
      "version": "0.0.4",
      "resolved": "https://registry.npmjs.org/zero-timeout/-/zero-timeout-0.0.4.tgz",
      "integrity": "sha512-4h06hMvy6JavCQZCKwiw6Jq0pt3UIL2vsQTKQ6UR5DAp3rnfknDn1ybkwx4YzQ+2vjOnamAETqox+8ma9wy7mw=="
    }
  }
}
